# Generated by pub
# See https://dart.dev/tools/pub/glossary#lockfile
packages:
  json_annotation:
    dependency: transitive
    description:
      name: json_annotation
      url: "https://pub.dartlang.org"
    source: hosted
    version: "3.1.0"
  meta:
    dependency: transitive
    description:
      name: meta
      url: "https://pub.dartlang.org"
    source: hosted
    version: "1.2.4"
  prophecy_to_show:
    dependency: "direct main"
    description:
      path: "../../../models/prophecy_to_show"
      relative: true
    source: path
    version: "0.0.1+1"
sdks:
  dart: ">=2.7.0 <3.0.0"
