# Generated by pub
# See https://dart.dev/tools/pub/glossary#lockfile
packages:
  collection:
    dependency: transitive
    description:
      name: collection
      url: "https://pub.dartlang.org"
    source: hosted
    version: "1.14.13"
  dataclass:
    dependency: transitive
    description:
      name: dataclass
      url: "https://pub.dartlang.org"
    source: hosted
    version: "0.3.0+1"
  json_annotation:
    dependency: transitive
    description:
      name: json_annotation
      url: "https://pub.dartlang.org"
    source: hosted
    version: "3.0.1"
  meta:
    dependency: "direct main"
    description:
      name: meta
      url: "https://pub.dartlang.org"
    source: hosted
    version: "1.2.2"
  user_model:
    dependency: "direct main"
    description:
      path: "../../../models/user_model"
      relative: true
    source: path
    version: "0.0.1+1"
  users_repository:
    dependency: "direct main"
    description:
      path: "../users_repository"
      relative: true
    source: path
    version: "0.0.1"
sdks:
  dart: ">=2.7.0 <3.0.0"
