# Generated by pub
# See https://dart.dev/tools/pub/glossary#lockfile
packages:
  collection:
    dependency: transitive
    description:
      name: collection
      url: "https://pub.dartlang.org"
    source: hosted
    version: "1.14.13"
  dataclass:
    dependency: transitive
    description:
      name: dataclass
      url: "https://pub.dartlang.org"
    source: hosted
    version: "0.3.0+1"
  int_datetime:
    dependency: "direct main"
    description:
      path: "."
      ref: HEAD
      resolved-ref: "311d63f3993530a02ed662a11244bf13f4e95a43"
      url: "https://github.com/bgoncharuck/int_datetime.git"
    source: git
    version: "0.0.1"
  json_annotation:
    dependency: transitive
    description:
      name: json_annotation
      url: "https://pub.dartlang.org"
    source: hosted
    version: "3.0.1"
  meta:
    dependency: "direct main"
    description:
      name: meta
      url: "https://pub.dartlang.org"
    source: hosted
    version: "1.1.8"
  poll_availability:
    dependency: "direct main"
    description:
      path: "../models/poll_availability"
      relative: true
    source: path
    version: "0.0.1+1"
  poll_model:
    dependency: transitive
    description:
      path: "../models/poll_model"
      relative: true
    source: path
    version: "0.0.1+1"
  pollbydate:
    dependency: "direct main"
    description:
      path: "../data/abstract/pollbydate"
      relative: true
    source: path
    version: "0.0.1"
  user_model:
    dependency: transitive
    description:
      path: "../models/user_model"
      relative: true
    source: path
    version: "0.0.1+1"
  userpoll:
    dependency: "direct main"
    description:
      path: "../data/abstract/userpoll"
      relative: true
    source: path
    version: "0.0.1"
  users_repository:
    dependency: "direct main"
    description:
      path: "../data/abstract/users_repository"
      relative: true
    source: path
    version: "0.0.1"
sdks:
  dart: ">=2.7.0 <3.0.0"
